
Microsoft Visual Studio Solution File, Format Version 12.00
# Visual Studio Version 17
VisualStudioVersion = 17.7.34031.279
MinimumVisualStudioVersion = 10.0.40219.1
Project("{9A19103F-16F7-4668-BE54-9A1E7A4F7556}") = "PFApiServer", "PFApiServer\PFApiServer.csproj", "{B8E605F1-898C-4B37-AF71-80A8A3EC3320}"
EndProject
Project("{FAE04EC0-301F-11D3-BF4B-00C04F79EFBC}") = "Common", "Common\Common.csproj", "{3C41E6E2-AA78-4801-8252-67A0708ADBDA}"
EndProject
Global
	GlobalSection(SolutionConfigurationPlatforms) = preSolution
		Debug|Any CPU = Debug|Any CPU
		Release|Any CPU = Release|Any CPU
	EndGlobalSection
	GlobalSection(ProjectConfigurationPlatforms) = postSolution
		{B8E605F1-898C-4B37-AF71-80A8A3EC3320}.Debug|Any CPU.ActiveCfg = Debug|Any CPU
		{B8E605F1-898C-4B37-AF71-80A8A3EC3320}.Debug|Any CPU.Build.0 = Debug|Any CPU
		{B8E605F1-898C-4B37-AF71-80A8A3EC3320}.Release|Any CPU.ActiveCfg = Release|Any CPU
		{B8E605F1-898C-4B37-AF71-80A8A3EC3320}.Release|Any CPU.Build.0 = Release|Any CPU
		{3C41E6E2-AA78-4801-8252-67A0708ADBDA}.Debug|Any CPU.ActiveCfg = Debug|Any CPU
		{3C41E6E2-AA78-4801-8252-67A0708ADBDA}.Debug|Any CPU.Build.0 = Debug|Any CPU
		{3C41E6E2-AA78-4801-8252-67A0708ADBDA}.Release|Any CPU.ActiveCfg = Release|Any CPU
		{3C41E6E2-AA78-4801-8252-67A0708ADBDA}.Release|Any CPU.Build.0 = Release|Any CPU
	EndGlobalSection
	GlobalSection(SolutionProperties) = preSolution
		HideSolutionNode = FALSE
	EndGlobalSection
	GlobalSection(ExtensibilityGlobals) = postSolution
		SolutionGuid = {E3520EBD-C9EC-4AEA-B6E7-636A4FF2F80B}
	EndGlobalSection
EndGlobal
